
Microsoft Visual Studio Solution File, Format Version 12.00
# Visual Studio Version 17
VisualStudioVersion = 17.0.31919.166
MinimumVisualStudioVersion = 10.0.40219.1
Project("{9A19103F-16F7-4668-BE54-9A1E7A4F7556}") = "CG4.Extensions", "src\CG4.Extensions\CG4.Extensions.csproj", "{39BA42BE-B44C-46CD-BD8D-AB0A6DDBB474}"
EndProject
Project("{FAE04EC0-301F-11D3-BF4B-00C04F79EFBC}") = "CG4.Story", "src\CG4.Story\CG4.Story.csproj", "{FFFF3614-A198-4AB5-931E-06B3CC602039}"
EndProject
Project("{2150E333-8FDC-42A3-9474-1A3956D46DE8}") = "Tests", "Tests", "{8662AF30-E855-4891-8E88-4F99B18B9B06}"
EndProject
Project("{FAE04EC0-301F-11D3-BF4B-00C04F79EFBC}") = "CG4.Benchmark.Tests", "src\CG4.Benchmark.Tests\CG4.Benchmark.Tests.csproj", "{2BB1E07C-FB9B-487A-9A52-531C3AE97805}"
EndProject
Project("{FAE04EC0-301F-11D3-BF4B-00C04F79EFBC}") = "CG4.Story.Tests", "src\CG4.Story.Tests\CG4.Story.Tests.csproj", "{2E4F8C20-AB36-4DDD-A7CB-BC4991041740}"
EndProject
Global
	GlobalSection(SolutionConfigurationPlatforms) = preSolution
		Debug|Any CPU = Debug|Any CPU
		Release|Any CPU = Release|Any CPU
	EndGlobalSection
	GlobalSection(ProjectConfigurationPlatforms) = postSolution
		{39BA42BE-B44C-46CD-BD8D-AB0A6DDBB474}.Debug|Any CPU.ActiveCfg = Debug|Any CPU
		{39BA42BE-B44C-46CD-BD8D-AB0A6DDBB474}.Debug|Any CPU.Build.0 = Debug|Any CPU
		{39BA42BE-B44C-46CD-BD8D-AB0A6DDBB474}.Release|Any CPU.ActiveCfg = Release|Any CPU
		{39BA42BE-B44C-46CD-BD8D-AB0A6DDBB474}.Release|Any CPU.Build.0 = Release|Any CPU
		{FFFF3614-A198-4AB5-931E-06B3CC602039}.Debug|Any CPU.ActiveCfg = Debug|Any CPU
		{FFFF3614-A198-4AB5-931E-06B3CC602039}.Debug|Any CPU.Build.0 = Debug|Any CPU
		{FFFF3614-A198-4AB5-931E-06B3CC602039}.Release|Any CPU.ActiveCfg = Release|Any CPU
		{FFFF3614-A198-4AB5-931E-06B3CC602039}.Release|Any CPU.Build.0 = Release|Any CPU
		{2BB1E07C-FB9B-487A-9A52-531C3AE97805}.Debug|Any CPU.ActiveCfg = Debug|Any CPU
		{2BB1E07C-FB9B-487A-9A52-531C3AE97805}.Debug|Any CPU.Build.0 = Debug|Any CPU
		{2BB1E07C-FB9B-487A-9A52-531C3AE97805}.Release|Any CPU.ActiveCfg = Release|Any CPU
		{2BB1E07C-FB9B-487A-9A52-531C3AE97805}.Release|Any CPU.Build.0 = Release|Any CPU
		{2E4F8C20-AB36-4DDD-A7CB-BC4991041740}.Debug|Any CPU.ActiveCfg = Debug|Any CPU
		{2E4F8C20-AB36-4DDD-A7CB-BC4991041740}.Debug|Any CPU.Build.0 = Debug|Any CPU
		{2E4F8C20-AB36-4DDD-A7CB-BC4991041740}.Release|Any CPU.ActiveCfg = Release|Any CPU
		{2E4F8C20-AB36-4DDD-A7CB-BC4991041740}.Release|Any CPU.Build.0 = Release|Any CPU
	EndGlobalSection
	GlobalSection(SolutionProperties) = preSolution
		HideSolutionNode = FALSE
	EndGlobalSection
	GlobalSection(NestedProjects) = preSolution
		{2BB1E07C-FB9B-487A-9A52-531C3AE97805} = {8662AF30-E855-4891-8E88-4F99B18B9B06}
		{2E4F8C20-AB36-4DDD-A7CB-BC4991041740} = {8662AF30-E855-4891-8E88-4F99B18B9B06}
	EndGlobalSection
	GlobalSection(ExtensibilityGlobals) = postSolution
		SolutionGuid = {56DD2A7B-26EE-4795-8477-EAE931A73E14}
	EndGlobalSection
EndGlobal
