
Microsoft Visual Studio Solution File, Format Version 12.00
# Visual Studio Version 17
VisualStudioVersion = 17.0.31919.166
MinimumVisualStudioVersion = 10.0.40219.1
Project("{9A19103F-16F7-4668-BE54-9A1E7A4F7556}") = "CG4.Extensions", "src\CG4.Extensions\CG4.Extensions.csproj", "{39BA42BE-B44C-46CD-BD8D-AB0A6DDBB474}"
EndProject
Project("{9A19103F-16F7-4668-BE54-9A1E7A4F7556}") = "CG4.Story", "src\CG4.Story\CG4.Story.csproj", "{FFFF3614-A198-4AB5-931E-06B3CC602039}"
EndProject
Project("{2150E333-8FDC-42A3-9474-1A3956D46DE8}") = "Tests", "Tests", "{8662AF30-E855-4891-8E88-4F99B18B9B06}"
EndProject
Project("{9A19103F-16F7-4668-BE54-9A1E7A4F7556}") = "CG4.Benchmark.Tests", "src\CG4.Benchmark.Tests\CG4.Benchmark.Tests.csproj", "{2BB1E07C-FB9B-487A-9A52-531C3AE97805}"
EndProject
Project("{9A19103F-16F7-4668-BE54-9A1E7A4F7556}") = "CG4.Story.Tests", "src\CG4.Story.Tests\CG4.Story.Tests.csproj", "{2E4F8C20-AB36-4DDD-A7CB-BC4991041740}"
EndProject
Project("{9A19103F-16F7-4668-BE54-9A1E7A4F7556}") = "CG4.Impl.Memory", "src\CG4.Impl.Memory\CG4.Impl.Memory.csproj", "{99666D46-A912-4618-9673-D8AA68FEDA38}"
EndProject
Project("{9A19103F-16F7-4668-BE54-9A1E7A4F7556}") = "CG4.Impl.Kafka", "src\CG4.Impl.Kafka\CG4.Impl.Kafka.csproj", "{DD7310DF-37A1-4D93-90C4-83B0527302E1}"
EndProject
Project("{9A19103F-16F7-4668-BE54-9A1E7A4F7556}") = "CG4.Impl.MongoDB", "src\CG4.Impl.MongoDB\CG4.Impl.MongoDB.csproj", "{C819862B-8946-4B7F-A512-C5EC37570E80}"
EndProject
Project("{9A19103F-16F7-4668-BE54-9A1E7A4F7556}") = "CG4.Impl.ElasticSearch", "src\CG4.Impl.ElasticSearch\CG4.Impl.ElasticSearch.csproj", "{9DAF7B87-F182-4B6B-9335-9F04A889C894}"
EndProject
Project("{2150E333-8FDC-42A3-9474-1A3956D46DE8}") = "Template", "Template", "{80616734-86A0-4618-B3DA-0103257F6CF2}"
EndProject
Project("{9A19103F-16F7-4668-BE54-9A1E7A4F7556}") = "CG4.Impl.Prometheus", "src\CG4.Impl.Prometheus\CG4.Impl.Prometheus.csproj", "{5B064D63-7F23-4593-A1A9-8ABF33CED1FC}"
EndProject
Project("{9A19103F-16F7-4668-BE54-9A1E7A4F7556}") = "CG4.Impl.Rabbit", "src\CG4.Impl.Rabbit\CG4.Impl.Rabbit.csproj", "{1E6F9E88-E887-41A8-8E07-E1E881AD4D14}"
EndProject
Project("{9A19103F-16F7-4668-BE54-9A1E7A4F7556}") = "CG4.Impl.EF", "src\CG4.Impl.EF\CG4.Impl.EF.csproj", "{656CCECF-2D1D-4ADC-AEBF-68176CE86BA3}"
EndProject
Project("{FAE04EC0-301F-11D3-BF4B-00C04F79EFBC}") = "CG4.Impl.EF.Tests", "src\CG4.Impl.EF.Tests\CG4.Impl.EF.Tests.csproj", "{E043B595-3DCD-4192-B3F2-7A2490E0DB6D}"
EndProject
Project("{FAE04EC0-301F-11D3-BF4B-00C04F79EFBC}") = "CG4.DataAccess", "src\CG4.DataAccess\CG4.DataAccess.csproj", "{0C8E9D96-D0B7-428C-BABC-BBA1A8EE4E32}"
EndProject
Global
	GlobalSection(SolutionConfigurationPlatforms) = preSolution
		Debug|Any CPU = Debug|Any CPU
		Release|Any CPU = Release|Any CPU
	EndGlobalSection
	GlobalSection(ProjectConfigurationPlatforms) = postSolution
		{39BA42BE-B44C-46CD-BD8D-AB0A6DDBB474}.Debug|Any CPU.ActiveCfg = Debug|Any CPU
		{39BA42BE-B44C-46CD-BD8D-AB0A6DDBB474}.Debug|Any CPU.Build.0 = Debug|Any CPU
		{39BA42BE-B44C-46CD-BD8D-AB0A6DDBB474}.Release|Any CPU.ActiveCfg = Release|Any CPU
		{39BA42BE-B44C-46CD-BD8D-AB0A6DDBB474}.Release|Any CPU.Build.0 = Release|Any CPU
		{FFFF3614-A198-4AB5-931E-06B3CC602039}.Debug|Any CPU.ActiveCfg = Debug|Any CPU
		{FFFF3614-A198-4AB5-931E-06B3CC602039}.Debug|Any CPU.Build.0 = Debug|Any CPU
		{FFFF3614-A198-4AB5-931E-06B3CC602039}.Release|Any CPU.ActiveCfg = Release|Any CPU
		{FFFF3614-A198-4AB5-931E-06B3CC602039}.Release|Any CPU.Build.0 = Release|Any CPU
		{2BB1E07C-FB9B-487A-9A52-531C3AE97805}.Debug|Any CPU.ActiveCfg = Debug|Any CPU
		{2BB1E07C-FB9B-487A-9A52-531C3AE97805}.Debug|Any CPU.Build.0 = Debug|Any CPU
		{2BB1E07C-FB9B-487A-9A52-531C3AE97805}.Release|Any CPU.ActiveCfg = Release|Any CPU
		{2BB1E07C-FB9B-487A-9A52-531C3AE97805}.Release|Any CPU.Build.0 = Release|Any CPU
		{2E4F8C20-AB36-4DDD-A7CB-BC4991041740}.Debug|Any CPU.ActiveCfg = Debug|Any CPU
		{2E4F8C20-AB36-4DDD-A7CB-BC4991041740}.Debug|Any CPU.Build.0 = Debug|Any CPU
		{2E4F8C20-AB36-4DDD-A7CB-BC4991041740}.Release|Any CPU.ActiveCfg = Release|Any CPU
		{2E4F8C20-AB36-4DDD-A7CB-BC4991041740}.Release|Any CPU.Build.0 = Release|Any CPU
		{99666D46-A912-4618-9673-D8AA68FEDA38}.Debug|Any CPU.ActiveCfg = Debug|Any CPU
		{99666D46-A912-4618-9673-D8AA68FEDA38}.Debug|Any CPU.Build.0 = Debug|Any CPU
		{99666D46-A912-4618-9673-D8AA68FEDA38}.Release|Any CPU.ActiveCfg = Release|Any CPU
		{99666D46-A912-4618-9673-D8AA68FEDA38}.Release|Any CPU.Build.0 = Release|Any CPU
		{DD7310DF-37A1-4D93-90C4-83B0527302E1}.Debug|Any CPU.ActiveCfg = Debug|Any CPU
		{DD7310DF-37A1-4D93-90C4-83B0527302E1}.Debug|Any CPU.Build.0 = Debug|Any CPU
		{DD7310DF-37A1-4D93-90C4-83B0527302E1}.Release|Any CPU.ActiveCfg = Release|Any CPU
		{DD7310DF-37A1-4D93-90C4-83B0527302E1}.Release|Any CPU.Build.0 = Release|Any CPU
		{C819862B-8946-4B7F-A512-C5EC37570E80}.Debug|Any CPU.ActiveCfg = Debug|Any CPU
		{C819862B-8946-4B7F-A512-C5EC37570E80}.Debug|Any CPU.Build.0 = Debug|Any CPU
		{C819862B-8946-4B7F-A512-C5EC37570E80}.Release|Any CPU.ActiveCfg = Release|Any CPU
		{C819862B-8946-4B7F-A512-C5EC37570E80}.Release|Any CPU.Build.0 = Release|Any CPU
		{9DAF7B87-F182-4B6B-9335-9F04A889C894}.Debug|Any CPU.ActiveCfg = Debug|Any CPU
		{9DAF7B87-F182-4B6B-9335-9F04A889C894}.Debug|Any CPU.Build.0 = Debug|Any CPU
		{9DAF7B87-F182-4B6B-9335-9F04A889C894}.Release|Any CPU.ActiveCfg = Release|Any CPU
		{9DAF7B87-F182-4B6B-9335-9F04A889C894}.Release|Any CPU.Build.0 = Release|Any CPU
		{5B064D63-7F23-4593-A1A9-8ABF33CED1FC}.Debug|Any CPU.ActiveCfg = Debug|Any CPU
		{5B064D63-7F23-4593-A1A9-8ABF33CED1FC}.Debug|Any CPU.Build.0 = Debug|Any CPU
		{5B064D63-7F23-4593-A1A9-8ABF33CED1FC}.Release|Any CPU.ActiveCfg = Release|Any CPU
		{5B064D63-7F23-4593-A1A9-8ABF33CED1FC}.Release|Any CPU.Build.0 = Release|Any CPU
		{1E6F9E88-E887-41A8-8E07-E1E881AD4D14}.Debug|Any CPU.ActiveCfg = Debug|Any CPU
		{1E6F9E88-E887-41A8-8E07-E1E881AD4D14}.Debug|Any CPU.Build.0 = Debug|Any CPU
		{1E6F9E88-E887-41A8-8E07-E1E881AD4D14}.Release|Any CPU.ActiveCfg = Release|Any CPU
		{1E6F9E88-E887-41A8-8E07-E1E881AD4D14}.Release|Any CPU.Build.0 = Release|Any CPU
		{656CCECF-2D1D-4ADC-AEBF-68176CE86BA3}.Debug|Any CPU.ActiveCfg = Debug|Any CPU
		{656CCECF-2D1D-4ADC-AEBF-68176CE86BA3}.Debug|Any CPU.Build.0 = Debug|Any CPU
		{656CCECF-2D1D-4ADC-AEBF-68176CE86BA3}.Release|Any CPU.ActiveCfg = Release|Any CPU
		{656CCECF-2D1D-4ADC-AEBF-68176CE86BA3}.Release|Any CPU.Build.0 = Release|Any CPU
		{E043B595-3DCD-4192-B3F2-7A2490E0DB6D}.Debug|Any CPU.ActiveCfg = Debug|Any CPU
		{E043B595-3DCD-4192-B3F2-7A2490E0DB6D}.Debug|Any CPU.Build.0 = Debug|Any CPU
		{E043B595-3DCD-4192-B3F2-7A2490E0DB6D}.Release|Any CPU.ActiveCfg = Release|Any CPU
		{E043B595-3DCD-4192-B3F2-7A2490E0DB6D}.Release|Any CPU.Build.0 = Release|Any CPU
		{0C8E9D96-D0B7-428C-BABC-BBA1A8EE4E32}.Debug|Any CPU.ActiveCfg = Debug|Any CPU
		{0C8E9D96-D0B7-428C-BABC-BBA1A8EE4E32}.Debug|Any CPU.Build.0 = Debug|Any CPU
		{0C8E9D96-D0B7-428C-BABC-BBA1A8EE4E32}.Release|Any CPU.ActiveCfg = Release|Any CPU
		{0C8E9D96-D0B7-428C-BABC-BBA1A8EE4E32}.Release|Any CPU.Build.0 = Release|Any CPU
	EndGlobalSection
	GlobalSection(SolutionProperties) = preSolution
		HideSolutionNode = FALSE
	EndGlobalSection
	GlobalSection(NestedProjects) = preSolution
		{2BB1E07C-FB9B-487A-9A52-531C3AE97805} = {8662AF30-E855-4891-8E88-4F99B18B9B06}
		{2E4F8C20-AB36-4DDD-A7CB-BC4991041740} = {8662AF30-E855-4891-8E88-4F99B18B9B06}
		{E043B595-3DCD-4192-B3F2-7A2490E0DB6D} = {8662AF30-E855-4891-8E88-4F99B18B9B06}
	EndGlobalSection
	GlobalSection(ExtensibilityGlobals) = postSolution
		SolutionGuid = {56DD2A7B-26EE-4795-8477-EAE931A73E14}
	EndGlobalSection
EndGlobal
