Microsoft Visual Studio Solution File, Format Version 12.00
Project("{2150E333-8FDC-42A3-9474-1A3956D46DE8}") = "Apps", "Apps", "{D4444582-35D2-489E-9B79-A604C9A51C2D}"
EndProject
Project("{2150E333-8FDC-42A3-9474-1A3956D46DE8}") = "Main", "Main", "{6FB43CF5-C8BB-42A2-80A4-AB96874B2D77}"
EndProject
Project("{2150E333-8FDC-42A3-9474-1A3956D46DE8}") = "Migrations", "Migrations", "{F22C2D51-E011-4746-863C-A70F432E8FCE}"
EndProject
Project("{2150E333-8FDC-42A3-9474-1A3956D46DE8}") = "Tests", "Tests", "{3D5DEC8E-EDA9-4D39-AB61-3C2FB48E2208}"
EndProject
Project("{9A19103F-16F7-4668-BE54-9A1E7A4F7556}") = "ProjectName.Web", "src\ProjectName.Web\ProjectName.Web.csproj", "{6950D6BA-A723-47B7-B357-CB97D1A61B1A}"
EndProject
Project("{9A19103F-16F7-4668-BE54-9A1E7A4F7556}") = "ProjectName.Domain", "src\ProjectName.Domain\ProjectName.Domain.csproj", "{C14A3634-FC1F-4AAC-9168-948441E48BF1}"
EndProject
Project("{9A19103F-16F7-4668-BE54-9A1E7A4F7556}") = "ProjectName.Common", "src\ProjectName.Common\ProjectName.Common.csproj", "{867CA45D-7139-4CC7-A218-D0F88630635F}"
EndProject
Project("{FAE04EC0-301F-11D3-BF4B-00C04F79EFBC}") = "ProjectName.Story", "src\ProjectName.Story\ProjectName.Story.csproj", "{1F55338B-D3CA-4599-93A7-2E8E88D07D4B}"
EndProject
Project("{FAE04EC0-301F-11D3-BF4B-00C04F79EFBC}") = "ProjectName.WebApp", "src\ProjectName.WebApp\ProjectName.WebApp.csproj", "{E7423F68-1B5D-4EA8-9378-DE1A1E29CABF}"
EndProject
Project("{FAE04EC0-301F-11D3-BF4B-00C04F79EFBC}") = "ProjectName.Migrations", "src\ProjectName.Migrations\ProjectName.Migrations.csproj", "{3DAE41DF-2081-4D8C-AFCE-DB2ADCA583AE}"
EndProject
Project("{FAE04EC0-301F-11D3-BF4B-00C04F79EFBC}") = "ProjectName.Integration.Tests", "tests\ProjectName.Integration.Tests\ProjectName.Integration.Tests.csproj", "{889D5117-1DE4-49BB-9A03-DF867571364B}"
EndProject
Global
	GlobalSection(SolutionConfigurationPlatforms) = preSolution
		Debug|Any CPU = Debug|Any CPU
		Release|Any CPU = Release|Any CPU
	EndGlobalSection
	GlobalSection(ProjectConfigurationPlatforms) = postSolution
		{6950D6BA-A723-47B7-B357-CB97D1A61B1A}.Debug|Any CPU.ActiveCfg = Debug|Any CPU
		{6950D6BA-A723-47B7-B357-CB97D1A61B1A}.Debug|Any CPU.Build.0 = Debug|Any CPU
		{6950D6BA-A723-47B7-B357-CB97D1A61B1A}.Release|Any CPU.ActiveCfg = Release|Any CPU
		{6950D6BA-A723-47B7-B357-CB97D1A61B1A}.Release|Any CPU.Build.0 = Release|Any CPU
		{C14A3634-FC1F-4AAC-9168-948441E48BF1}.Debug|Any CPU.ActiveCfg = Debug|Any CPU
		{C14A3634-FC1F-4AAC-9168-948441E48BF1}.Debug|Any CPU.Build.0 = Debug|Any CPU
		{C14A3634-FC1F-4AAC-9168-948441E48BF1}.Release|Any CPU.ActiveCfg = Release|Any CPU
		{C14A3634-FC1F-4AAC-9168-948441E48BF1}.Release|Any CPU.Build.0 = Release|Any CPU
		{867CA45D-7139-4CC7-A218-D0F88630635F}.Debug|Any CPU.ActiveCfg = Debug|Any CPU
		{867CA45D-7139-4CC7-A218-D0F88630635F}.Debug|Any CPU.Build.0 = Debug|Any CPU
		{867CA45D-7139-4CC7-A218-D0F88630635F}.Release|Any CPU.ActiveCfg = Release|Any CPU
		{867CA45D-7139-4CC7-A218-D0F88630635F}.Release|Any CPU.Build.0 = Release|Any CPU
		{1F55338B-D3CA-4599-93A7-2E8E88D07D4B}.Debug|Any CPU.ActiveCfg = Debug|Any CPU
		{1F55338B-D3CA-4599-93A7-2E8E88D07D4B}.Debug|Any CPU.Build.0 = Debug|Any CPU
		{1F55338B-D3CA-4599-93A7-2E8E88D07D4B}.Release|Any CPU.ActiveCfg = Release|Any CPU
		{1F55338B-D3CA-4599-93A7-2E8E88D07D4B}.Release|Any CPU.Build.0 = Release|Any CPU
		{E7423F68-1B5D-4EA8-9378-DE1A1E29CABF}.Debug|Any CPU.ActiveCfg = Debug|Any CPU
		{E7423F68-1B5D-4EA8-9378-DE1A1E29CABF}.Debug|Any CPU.Build.0 = Debug|Any CPU
		{E7423F68-1B5D-4EA8-9378-DE1A1E29CABF}.Release|Any CPU.ActiveCfg = Release|Any CPU
		{E7423F68-1B5D-4EA8-9378-DE1A1E29CABF}.Release|Any CPU.Build.0 = Release|Any CPU
		{3DAE41DF-2081-4D8C-AFCE-DB2ADCA583AE}.Debug|Any CPU.ActiveCfg = Debug|Any CPU
		{3DAE41DF-2081-4D8C-AFCE-DB2ADCA583AE}.Debug|Any CPU.Build.0 = Debug|Any CPU
		{3DAE41DF-2081-4D8C-AFCE-DB2ADCA583AE}.Release|Any CPU.ActiveCfg = Release|Any CPU
		{3DAE41DF-2081-4D8C-AFCE-DB2ADCA583AE}.Release|Any CPU.Build.0 = Release|Any CPU
		{889D5117-1DE4-49BB-9A03-DF867571364B}.Debug|Any CPU.ActiveCfg = Debug|Any CPU
		{889D5117-1DE4-49BB-9A03-DF867571364B}.Debug|Any CPU.Build.0 = Debug|Any CPU
		{889D5117-1DE4-49BB-9A03-DF867571364B}.Release|Any CPU.ActiveCfg = Release|Any CPU
		{889D5117-1DE4-49BB-9A03-DF867571364B}.Release|Any CPU.Build.0 = Release|Any CPU
	EndGlobalSection
	GlobalSection(SolutionProperties) = preSolution
		HideSolutionNode = FALSE
	EndGlobalSection
	GlobalSection(NestedProjects) = preSolution
		{6950D6BA-A723-47B7-B357-CB97D1A61B1A} = {D4444582-35D2-489E-9B79-A604C9A51C2D}
		{C14A3634-FC1F-4AAC-9168-948441E48BF1} = {6FB43CF5-C8BB-42A2-80A4-AB96874B2D77}
		{1F55338B-D3CA-4599-93A7-2E8E88D07D4B} = {6FB43CF5-C8BB-42A2-80A4-AB96874B2D77}
		{E7423F68-1B5D-4EA8-9378-DE1A1E29CABF} = {6FB43CF5-C8BB-42A2-80A4-AB96874B2D77}
		{3DAE41DF-2081-4D8C-AFCE-DB2ADCA583AE} = {F22C2D51-E011-4746-863C-A70F432E8FCE}
		{889D5117-1DE4-49BB-9A03-DF867571364B} = {3D5DEC8E-EDA9-4D39-AB61-3C2FB48E2208}
		{867CA45D-7139-4CC7-A218-D0F88630635F} = {6FB43CF5-C8BB-42A2-80A4-AB96874B2D77}
	EndGlobalSection
	GlobalSection(ExtensibilityGlobals) = postSolution
		SolutionGuid = {05696894-64AA-4C5F-ADB0-763A9A6F8EEA}
	EndGlobalSection
EndGlobal
